
Microsoft Visual Studio Solution File, Format Version 10.00
# Visual Studio 2008
Project("{FAE04EC0-301F-11D3-BF4B-00C04F79EFBC}") = "Chiffrage", "Chiffrage\Chiffrage.csproj", "{B41F3EBF-5486-411C-AE38-0F97327F89E1}"
EndProject
Project("{FAE04EC0-301F-11D3-BF4B-00C04F79EFBC}") = "Chiffrage.Catalogs.Domain", "Chiffrage.Catalogs.Domain\Chiffrage.Catalogs.Domain.csproj", "{BD6DAC1A-3B56-4E12-84DE-E7BD79316FF6}"
EndProject
Project("{FAE04EC0-301F-11D3-BF4B-00C04F79EFBC}") = "Chiffrage.Projects.Domain", "Chiffrage.Projects.Domain\Chiffrage.Projects.Domain.csproj", "{28B2F9CD-626A-425C-8D41-CAB32F21134F}"
EndProject
Project("{FAE04EC0-301F-11D3-BF4B-00C04F79EFBC}") = "Chiffrage.Catalogs.Dal", "Chiffrage.Catalogs.Dal\Chiffrage.Catalogs.Dal.csproj", "{BB8D0D2C-CF88-4B85-A001-14C234FCF0FD}"
EndProject
Project("{FAE04EC0-301F-11D3-BF4B-00C04F79EFBC}") = "Chiffrage.Projects.Dal", "Chiffrage.Projects.Dal\Chiffrage.Projects.Dal.csproj", "{E0FD926A-6B66-459F-A667-D5EFEF605129}"
EndProject
Global
	GlobalSection(SolutionConfigurationPlatforms) = preSolution
		Debug|Any CPU = Debug|Any CPU
		Release|Any CPU = Release|Any CPU
	EndGlobalSection
	GlobalSection(ProjectConfigurationPlatforms) = postSolution
		{B41F3EBF-5486-411C-AE38-0F97327F89E1}.Debug|Any CPU.ActiveCfg = Debug|Any CPU
		{B41F3EBF-5486-411C-AE38-0F97327F89E1}.Debug|Any CPU.Build.0 = Debug|Any CPU
		{B41F3EBF-5486-411C-AE38-0F97327F89E1}.Release|Any CPU.ActiveCfg = Release|Any CPU
		{B41F3EBF-5486-411C-AE38-0F97327F89E1}.Release|Any CPU.Build.0 = Release|Any CPU
		{BD6DAC1A-3B56-4E12-84DE-E7BD79316FF6}.Debug|Any CPU.ActiveCfg = Debug|Any CPU
		{BD6DAC1A-3B56-4E12-84DE-E7BD79316FF6}.Debug|Any CPU.Build.0 = Debug|Any CPU
		{BD6DAC1A-3B56-4E12-84DE-E7BD79316FF6}.Release|Any CPU.ActiveCfg = Release|Any CPU
		{BD6DAC1A-3B56-4E12-84DE-E7BD79316FF6}.Release|Any CPU.Build.0 = Release|Any CPU
		{28B2F9CD-626A-425C-8D41-CAB32F21134F}.Debug|Any CPU.ActiveCfg = Debug|Any CPU
		{28B2F9CD-626A-425C-8D41-CAB32F21134F}.Debug|Any CPU.Build.0 = Debug|Any CPU
		{28B2F9CD-626A-425C-8D41-CAB32F21134F}.Release|Any CPU.ActiveCfg = Release|Any CPU
		{28B2F9CD-626A-425C-8D41-CAB32F21134F}.Release|Any CPU.Build.0 = Release|Any CPU
		{BB8D0D2C-CF88-4B85-A001-14C234FCF0FD}.Debug|Any CPU.ActiveCfg = Debug|Any CPU
		{BB8D0D2C-CF88-4B85-A001-14C234FCF0FD}.Debug|Any CPU.Build.0 = Debug|Any CPU
		{BB8D0D2C-CF88-4B85-A001-14C234FCF0FD}.Release|Any CPU.ActiveCfg = Release|Any CPU
		{BB8D0D2C-CF88-4B85-A001-14C234FCF0FD}.Release|Any CPU.Build.0 = Release|Any CPU
		{E0FD926A-6B66-459F-A667-D5EFEF605129}.Debug|Any CPU.ActiveCfg = Debug|Any CPU
		{E0FD926A-6B66-459F-A667-D5EFEF605129}.Debug|Any CPU.Build.0 = Debug|Any CPU
		{E0FD926A-6B66-459F-A667-D5EFEF605129}.Release|Any CPU.ActiveCfg = Release|Any CPU
		{E0FD926A-6B66-459F-A667-D5EFEF605129}.Release|Any CPU.Build.0 = Release|Any CPU
	EndGlobalSection
	GlobalSection(SolutionProperties) = preSolution
		HideSolutionNode = FALSE
	EndGlobalSection
	GlobalSection(MonoDevelopProperties) = preSolution
		StartupItem = Chiffrage\Chiffrage.csproj
	EndGlobalSection
EndGlobal
