
Microsoft Visual Studio Solution File, Format Version 10.00
# Visual Studio 2008
Project("{FAE04EC0-301F-11D3-BF4B-00C04F79EFBC}") = "Chiffrage", "Chiffrage\Chiffrage.csproj", "{B41F3EBF-5486-411C-AE38-0F97327F89E1}"
EndProject
Project("{FAE04EC0-301F-11D3-BF4B-00C04F79EFBC}") = "Chiffrage.Core", "Chiffrage.Core\Chiffrage.Core.csproj", "{664F8363-73CF-45DB-B468-EF4BB119F4E6}"
EndProject
Global
	GlobalSection(SolutionConfigurationPlatforms) = preSolution
		Debug|Any CPU = Debug|Any CPU
		Release|Any CPU = Release|Any CPU
	EndGlobalSection
	GlobalSection(ProjectConfigurationPlatforms) = postSolution
		{664F8363-73CF-45DB-B468-EF4BB119F4E6}.Debug|Any CPU.ActiveCfg = Debug|Any CPU
		{664F8363-73CF-45DB-B468-EF4BB119F4E6}.Debug|Any CPU.Build.0 = Debug|Any CPU
		{664F8363-73CF-45DB-B468-EF4BB119F4E6}.Release|Any CPU.ActiveCfg = Release|Any CPU
		{664F8363-73CF-45DB-B468-EF4BB119F4E6}.Release|Any CPU.Build.0 = Release|Any CPU
		{B41F3EBF-5486-411C-AE38-0F97327F89E1}.Debug|Any CPU.ActiveCfg = Debug|Any CPU
		{B41F3EBF-5486-411C-AE38-0F97327F89E1}.Debug|Any CPU.Build.0 = Debug|Any CPU
		{B41F3EBF-5486-411C-AE38-0F97327F89E1}.Release|Any CPU.ActiveCfg = Release|Any CPU
		{B41F3EBF-5486-411C-AE38-0F97327F89E1}.Release|Any CPU.Build.0 = Release|Any CPU
	EndGlobalSection
	GlobalSection(MonoDevelopProperties) = preSolution
		StartupItem = Chiffrage\Chiffrage.csproj
	EndGlobalSection
	GlobalSection(SolutionProperties) = preSolution
		HideSolutionNode = FALSE
	EndGlobalSection
EndGlobal
