
Microsoft Visual Studio Solution File, Format Version 11.00
# Visual Studio 2010
Project("{FAE04EC0-301F-11D3-BF4B-00C04F79EFBC}") = "Chiffrage", "Chiffrage\Chiffrage.csproj", "{B41F3EBF-5486-411C-AE38-0F97327F89E1}"
EndProject
Project("{FAE04EC0-301F-11D3-BF4B-00C04F79EFBC}") = "Chiffrage.Catalogs.Domain", "Chiffrage.Catalogs.Domain\Chiffrage.Catalogs.Domain.csproj", "{BD6DAC1A-3B56-4E12-84DE-E7BD79316FF6}"
EndProject
Project("{FAE04EC0-301F-11D3-BF4B-00C04F79EFBC}") = "Chiffrage.Projects.Domain", "Chiffrage.Projects.Domain\Chiffrage.Projects.Domain.csproj", "{28B2F9CD-626A-425C-8D41-CAB32F21134F}"
EndProject
Project("{FAE04EC0-301F-11D3-BF4B-00C04F79EFBC}") = "Chiffrage.Catalogs.Dal", "Chiffrage.Catalogs.Dal\Chiffrage.Catalogs.Dal.csproj", "{BB8D0D2C-CF88-4B85-A001-14C234FCF0FD}"
EndProject
Project("{FAE04EC0-301F-11D3-BF4B-00C04F79EFBC}") = "Chiffrage.Projects.Dal", "Chiffrage.Projects.Dal\Chiffrage.Projects.Dal.csproj", "{E0FD926A-6B66-459F-A667-D5EFEF605129}"
EndProject
Project("{FAE04EC0-301F-11D3-BF4B-00C04F79EFBC}") = "Chiffrage.Tests", "Chiffrage.Tests\Chiffrage.Tests.csproj", "{58158197-6FF3-4554-B213-98001DF7FB22}"
EndProject
Project("{FAE04EC0-301F-11D3-BF4B-00C04F79EFBC}") = "Chiffrage.App", "Chiffrage.App\Chiffrage.App.csproj", "{97DC56B8-7346-41B9-A632-69EBF064F3B7}"
EndProject
Project("{FAE04EC0-301F-11D3-BF4B-00C04F79EFBC}") = "Chiffrage.Mvc", "Chiffrage.Mvc\Chiffrage.Mvc.csproj", "{771D2DDA-D611-4E74-8857-6E60C08536EE}"
EndProject
Project("{2150E333-8FDC-42A3-9474-1A3956D46DE8}") = "Domain", "Domain", "{A64F2F83-714E-43FA-98C2-889941269A25}"
EndProject
Project("{FAE04EC0-301F-11D3-BF4B-00C04F79EFBC}") = "ChiffrageWPF", "ChiffrageWPF\ChiffrageWPF.csproj", "{DF6BA302-1DB3-4986-B6E3-2069F640ADA3}"
EndProject
Project("{FAE04EC0-301F-11D3-BF4B-00C04F79EFBC}") = "Chiffrage.Catalogs.Tests", "Chiffrage.Catalogs.Tests\Chiffrage.Catalogs.Tests.csproj", "{9F3911FC-4CF5-4839-A340-C3F630BBBCEF}"
EndProject
Global
	GlobalSection(SolutionConfigurationPlatforms) = preSolution
		Debug|Any CPU = Debug|Any CPU
		Debug|Mixed Platforms = Debug|Mixed Platforms
		Debug|x86 = Debug|x86
		Release|Any CPU = Release|Any CPU
		Release|Mixed Platforms = Release|Mixed Platforms
		Release|x86 = Release|x86
	EndGlobalSection
	GlobalSection(ProjectConfigurationPlatforms) = postSolution
		{B41F3EBF-5486-411C-AE38-0F97327F89E1}.Debug|Any CPU.ActiveCfg = Debug|Any CPU
		{B41F3EBF-5486-411C-AE38-0F97327F89E1}.Debug|Any CPU.Build.0 = Debug|Any CPU
		{B41F3EBF-5486-411C-AE38-0F97327F89E1}.Debug|Mixed Platforms.ActiveCfg = Debug|Any CPU
		{B41F3EBF-5486-411C-AE38-0F97327F89E1}.Debug|Mixed Platforms.Build.0 = Debug|Any CPU
		{B41F3EBF-5486-411C-AE38-0F97327F89E1}.Debug|x86.ActiveCfg = Debug|Any CPU
		{B41F3EBF-5486-411C-AE38-0F97327F89E1}.Release|Any CPU.ActiveCfg = Release|Any CPU
		{B41F3EBF-5486-411C-AE38-0F97327F89E1}.Release|Any CPU.Build.0 = Release|Any CPU
		{B41F3EBF-5486-411C-AE38-0F97327F89E1}.Release|Mixed Platforms.ActiveCfg = Release|Any CPU
		{B41F3EBF-5486-411C-AE38-0F97327F89E1}.Release|Mixed Platforms.Build.0 = Release|Any CPU
		{B41F3EBF-5486-411C-AE38-0F97327F89E1}.Release|x86.ActiveCfg = Release|Any CPU
		{BD6DAC1A-3B56-4E12-84DE-E7BD79316FF6}.Debug|Any CPU.ActiveCfg = Debug|Any CPU
		{BD6DAC1A-3B56-4E12-84DE-E7BD79316FF6}.Debug|Any CPU.Build.0 = Debug|Any CPU
		{BD6DAC1A-3B56-4E12-84DE-E7BD79316FF6}.Debug|Mixed Platforms.ActiveCfg = Debug|Any CPU
		{BD6DAC1A-3B56-4E12-84DE-E7BD79316FF6}.Debug|Mixed Platforms.Build.0 = Debug|Any CPU
		{BD6DAC1A-3B56-4E12-84DE-E7BD79316FF6}.Debug|x86.ActiveCfg = Debug|Any CPU
		{BD6DAC1A-3B56-4E12-84DE-E7BD79316FF6}.Release|Any CPU.ActiveCfg = Release|Any CPU
		{BD6DAC1A-3B56-4E12-84DE-E7BD79316FF6}.Release|Any CPU.Build.0 = Release|Any CPU
		{BD6DAC1A-3B56-4E12-84DE-E7BD79316FF6}.Release|Mixed Platforms.ActiveCfg = Release|Any CPU
		{BD6DAC1A-3B56-4E12-84DE-E7BD79316FF6}.Release|Mixed Platforms.Build.0 = Release|Any CPU
		{BD6DAC1A-3B56-4E12-84DE-E7BD79316FF6}.Release|x86.ActiveCfg = Release|Any CPU
		{28B2F9CD-626A-425C-8D41-CAB32F21134F}.Debug|Any CPU.ActiveCfg = Debug|Any CPU
		{28B2F9CD-626A-425C-8D41-CAB32F21134F}.Debug|Any CPU.Build.0 = Debug|Any CPU
		{28B2F9CD-626A-425C-8D41-CAB32F21134F}.Debug|Mixed Platforms.ActiveCfg = Debug|Any CPU
		{28B2F9CD-626A-425C-8D41-CAB32F21134F}.Debug|Mixed Platforms.Build.0 = Debug|Any CPU
		{28B2F9CD-626A-425C-8D41-CAB32F21134F}.Debug|x86.ActiveCfg = Debug|Any CPU
		{28B2F9CD-626A-425C-8D41-CAB32F21134F}.Release|Any CPU.ActiveCfg = Release|Any CPU
		{28B2F9CD-626A-425C-8D41-CAB32F21134F}.Release|Any CPU.Build.0 = Release|Any CPU
		{28B2F9CD-626A-425C-8D41-CAB32F21134F}.Release|Mixed Platforms.ActiveCfg = Release|Any CPU
		{28B2F9CD-626A-425C-8D41-CAB32F21134F}.Release|Mixed Platforms.Build.0 = Release|Any CPU
		{28B2F9CD-626A-425C-8D41-CAB32F21134F}.Release|x86.ActiveCfg = Release|Any CPU
		{BB8D0D2C-CF88-4B85-A001-14C234FCF0FD}.Debug|Any CPU.ActiveCfg = Debug|Any CPU
		{BB8D0D2C-CF88-4B85-A001-14C234FCF0FD}.Debug|Any CPU.Build.0 = Debug|Any CPU
		{BB8D0D2C-CF88-4B85-A001-14C234FCF0FD}.Debug|Mixed Platforms.ActiveCfg = Debug|Any CPU
		{BB8D0D2C-CF88-4B85-A001-14C234FCF0FD}.Debug|Mixed Platforms.Build.0 = Debug|Any CPU
		{BB8D0D2C-CF88-4B85-A001-14C234FCF0FD}.Debug|x86.ActiveCfg = Debug|Any CPU
		{BB8D0D2C-CF88-4B85-A001-14C234FCF0FD}.Release|Any CPU.ActiveCfg = Release|Any CPU
		{BB8D0D2C-CF88-4B85-A001-14C234FCF0FD}.Release|Any CPU.Build.0 = Release|Any CPU
		{BB8D0D2C-CF88-4B85-A001-14C234FCF0FD}.Release|Mixed Platforms.ActiveCfg = Release|Any CPU
		{BB8D0D2C-CF88-4B85-A001-14C234FCF0FD}.Release|Mixed Platforms.Build.0 = Release|Any CPU
		{BB8D0D2C-CF88-4B85-A001-14C234FCF0FD}.Release|x86.ActiveCfg = Release|Any CPU
		{E0FD926A-6B66-459F-A667-D5EFEF605129}.Debug|Any CPU.ActiveCfg = Debug|Any CPU
		{E0FD926A-6B66-459F-A667-D5EFEF605129}.Debug|Any CPU.Build.0 = Debug|Any CPU
		{E0FD926A-6B66-459F-A667-D5EFEF605129}.Debug|Mixed Platforms.ActiveCfg = Debug|Any CPU
		{E0FD926A-6B66-459F-A667-D5EFEF605129}.Debug|Mixed Platforms.Build.0 = Debug|Any CPU
		{E0FD926A-6B66-459F-A667-D5EFEF605129}.Debug|x86.ActiveCfg = Debug|Any CPU
		{E0FD926A-6B66-459F-A667-D5EFEF605129}.Release|Any CPU.ActiveCfg = Release|Any CPU
		{E0FD926A-6B66-459F-A667-D5EFEF605129}.Release|Any CPU.Build.0 = Release|Any CPU
		{E0FD926A-6B66-459F-A667-D5EFEF605129}.Release|Mixed Platforms.ActiveCfg = Release|Any CPU
		{E0FD926A-6B66-459F-A667-D5EFEF605129}.Release|Mixed Platforms.Build.0 = Release|Any CPU
		{E0FD926A-6B66-459F-A667-D5EFEF605129}.Release|x86.ActiveCfg = Release|Any CPU
		{58158197-6FF3-4554-B213-98001DF7FB22}.Debug|Any CPU.ActiveCfg = Debug|Any CPU
		{58158197-6FF3-4554-B213-98001DF7FB22}.Debug|Any CPU.Build.0 = Debug|Any CPU
		{58158197-6FF3-4554-B213-98001DF7FB22}.Debug|Mixed Platforms.ActiveCfg = Debug|Any CPU
		{58158197-6FF3-4554-B213-98001DF7FB22}.Debug|Mixed Platforms.Build.0 = Debug|Any CPU
		{58158197-6FF3-4554-B213-98001DF7FB22}.Debug|x86.ActiveCfg = Debug|Any CPU
		{58158197-6FF3-4554-B213-98001DF7FB22}.Release|Any CPU.ActiveCfg = Release|Any CPU
		{58158197-6FF3-4554-B213-98001DF7FB22}.Release|Any CPU.Build.0 = Release|Any CPU
		{58158197-6FF3-4554-B213-98001DF7FB22}.Release|Mixed Platforms.ActiveCfg = Release|Any CPU
		{58158197-6FF3-4554-B213-98001DF7FB22}.Release|Mixed Platforms.Build.0 = Release|Any CPU
		{58158197-6FF3-4554-B213-98001DF7FB22}.Release|x86.ActiveCfg = Release|Any CPU
		{97DC56B8-7346-41B9-A632-69EBF064F3B7}.Debug|Any CPU.ActiveCfg = Debug|Any CPU
		{97DC56B8-7346-41B9-A632-69EBF064F3B7}.Debug|Any CPU.Build.0 = Debug|Any CPU
		{97DC56B8-7346-41B9-A632-69EBF064F3B7}.Debug|Mixed Platforms.ActiveCfg = Debug|Any CPU
		{97DC56B8-7346-41B9-A632-69EBF064F3B7}.Debug|Mixed Platforms.Build.0 = Debug|Any CPU
		{97DC56B8-7346-41B9-A632-69EBF064F3B7}.Debug|x86.ActiveCfg = Debug|Any CPU
		{97DC56B8-7346-41B9-A632-69EBF064F3B7}.Release|Any CPU.ActiveCfg = Release|Any CPU
		{97DC56B8-7346-41B9-A632-69EBF064F3B7}.Release|Any CPU.Build.0 = Release|Any CPU
		{97DC56B8-7346-41B9-A632-69EBF064F3B7}.Release|Mixed Platforms.ActiveCfg = Release|Any CPU
		{97DC56B8-7346-41B9-A632-69EBF064F3B7}.Release|Mixed Platforms.Build.0 = Release|Any CPU
		{97DC56B8-7346-41B9-A632-69EBF064F3B7}.Release|x86.ActiveCfg = Release|Any CPU
		{771D2DDA-D611-4E74-8857-6E60C08536EE}.Debug|Any CPU.ActiveCfg = Debug|Any CPU
		{771D2DDA-D611-4E74-8857-6E60C08536EE}.Debug|Any CPU.Build.0 = Debug|Any CPU
		{771D2DDA-D611-4E74-8857-6E60C08536EE}.Debug|Mixed Platforms.ActiveCfg = Debug|Any CPU
		{771D2DDA-D611-4E74-8857-6E60C08536EE}.Debug|Mixed Platforms.Build.0 = Debug|Any CPU
		{771D2DDA-D611-4E74-8857-6E60C08536EE}.Debug|x86.ActiveCfg = Debug|Any CPU
		{771D2DDA-D611-4E74-8857-6E60C08536EE}.Release|Any CPU.ActiveCfg = Release|Any CPU
		{771D2DDA-D611-4E74-8857-6E60C08536EE}.Release|Any CPU.Build.0 = Release|Any CPU
		{771D2DDA-D611-4E74-8857-6E60C08536EE}.Release|Mixed Platforms.ActiveCfg = Release|Any CPU
		{771D2DDA-D611-4E74-8857-6E60C08536EE}.Release|Mixed Platforms.Build.0 = Release|Any CPU
		{771D2DDA-D611-4E74-8857-6E60C08536EE}.Release|x86.ActiveCfg = Release|Any CPU
		{DF6BA302-1DB3-4986-B6E3-2069F640ADA3}.Debug|Any CPU.ActiveCfg = Debug|x86
		{DF6BA302-1DB3-4986-B6E3-2069F640ADA3}.Debug|Mixed Platforms.ActiveCfg = Debug|x86
		{DF6BA302-1DB3-4986-B6E3-2069F640ADA3}.Debug|Mixed Platforms.Build.0 = Debug|x86
		{DF6BA302-1DB3-4986-B6E3-2069F640ADA3}.Debug|x86.ActiveCfg = Debug|x86
		{DF6BA302-1DB3-4986-B6E3-2069F640ADA3}.Debug|x86.Build.0 = Debug|x86
		{DF6BA302-1DB3-4986-B6E3-2069F640ADA3}.Release|Any CPU.ActiveCfg = Release|x86
		{DF6BA302-1DB3-4986-B6E3-2069F640ADA3}.Release|Mixed Platforms.ActiveCfg = Release|x86
		{DF6BA302-1DB3-4986-B6E3-2069F640ADA3}.Release|Mixed Platforms.Build.0 = Release|x86
		{DF6BA302-1DB3-4986-B6E3-2069F640ADA3}.Release|x86.ActiveCfg = Release|x86
		{DF6BA302-1DB3-4986-B6E3-2069F640ADA3}.Release|x86.Build.0 = Release|x86
		{9F3911FC-4CF5-4839-A340-C3F630BBBCEF}.Debug|Any CPU.ActiveCfg = Debug|Any CPU
		{9F3911FC-4CF5-4839-A340-C3F630BBBCEF}.Debug|Any CPU.Build.0 = Debug|Any CPU
		{9F3911FC-4CF5-4839-A340-C3F630BBBCEF}.Debug|Mixed Platforms.ActiveCfg = Debug|Any CPU
		{9F3911FC-4CF5-4839-A340-C3F630BBBCEF}.Debug|Mixed Platforms.Build.0 = Debug|Any CPU
		{9F3911FC-4CF5-4839-A340-C3F630BBBCEF}.Debug|x86.ActiveCfg = Debug|Any CPU
		{9F3911FC-4CF5-4839-A340-C3F630BBBCEF}.Release|Any CPU.ActiveCfg = Release|Any CPU
		{9F3911FC-4CF5-4839-A340-C3F630BBBCEF}.Release|Any CPU.Build.0 = Release|Any CPU
		{9F3911FC-4CF5-4839-A340-C3F630BBBCEF}.Release|Mixed Platforms.ActiveCfg = Release|Any CPU
		{9F3911FC-4CF5-4839-A340-C3F630BBBCEF}.Release|Mixed Platforms.Build.0 = Release|Any CPU
		{9F3911FC-4CF5-4839-A340-C3F630BBBCEF}.Release|x86.ActiveCfg = Release|Any CPU
	EndGlobalSection
	GlobalSection(SolutionProperties) = preSolution
		HideSolutionNode = FALSE
	EndGlobalSection
	GlobalSection(NestedProjects) = preSolution
		{28B2F9CD-626A-425C-8D41-CAB32F21134F} = {A64F2F83-714E-43FA-98C2-889941269A25}
		{BB8D0D2C-CF88-4B85-A001-14C234FCF0FD} = {A64F2F83-714E-43FA-98C2-889941269A25}
		{E0FD926A-6B66-459F-A667-D5EFEF605129} = {A64F2F83-714E-43FA-98C2-889941269A25}
		{BD6DAC1A-3B56-4E12-84DE-E7BD79316FF6} = {A64F2F83-714E-43FA-98C2-889941269A25}
		{9F3911FC-4CF5-4839-A340-C3F630BBBCEF} = {A64F2F83-714E-43FA-98C2-889941269A25}
	EndGlobalSection
	GlobalSection(MonoDevelopProperties) = preSolution
		StartupItem = Chiffrage\Chiffrage.csproj
	EndGlobalSection
EndGlobal
